
Microsoft Visual Studio Solution File, Format Version 12.00
# Visual Studio Version 17
VisualStudioVersion = 17.4.33213.308
MinimumVisualStudioVersion = 10.0.40219.1
Project("{FAE04EC0-301F-11D3-BF4B-00C04F79EFBC}") = "BE.U2-W2-D5.PS_GrandBudapestHotel", "BE.U2-W2-D5.PS_GrandBudapestHotel\BE.U2-W2-D5.PS_GrandBudapestHotel.csproj", "{FBFE1268-05D8-4324-B04F-94D650E06174}"
EndProject
Global
	GlobalSection(SolutionConfigurationPlatforms) = preSolution
		Debug|Any CPU = Debug|Any CPU
		Release|Any CPU = Release|Any CPU
	EndGlobalSection
	GlobalSection(ProjectConfigurationPlatforms) = postSolution
		{FBFE1268-05D8-4324-B04F-94D650E06174}.Debug|Any CPU.ActiveCfg = Debug|Any CPU
		{FBFE1268-05D8-4324-B04F-94D650E06174}.Debug|Any CPU.Build.0 = Debug|Any CPU
		{FBFE1268-05D8-4324-B04F-94D650E06174}.Release|Any CPU.ActiveCfg = Release|Any CPU
		{FBFE1268-05D8-4324-B04F-94D650E06174}.Release|Any CPU.Build.0 = Release|Any CPU
	EndGlobalSection
	GlobalSection(SolutionProperties) = preSolution
		HideSolutionNode = FALSE
	EndGlobalSection
	GlobalSection(ExtensibilityGlobals) = postSolution
		SolutionGuid = {73F3C165-9AC9-40EF-9CA3-7253CA1081E0}
	EndGlobalSection
EndGlobal
